
Microsoft Visual Studio Solution File, Format Version 12.00
# Visual Studio Version 16
VisualStudioVersion = 16.0.28922.388
MinimumVisualStudioVersion = 10.0.40219.1
Project("{8BC9CEB8-8B4A-11D0-8D11-00A0C91BC942}") = "MarioProject", "MarioProject\MarioProject.vcxproj", "{E0D262E3-9348-4EA5-842A-56A70D0466DB}"
EndProject
Global
	GlobalSection(SolutionConfigurationPlatforms) = preSolution
		Debug|x64 = Debug|x64
		Debug|x86 = Debug|x86
		Release|x64 = Release|x64
		Release|x86 = Release|x86
	EndGlobalSection
	GlobalSection(ProjectConfigurationPlatforms) = postSolution
		{E0D262E3-9348-4EA5-842A-56A70D0466DB}.Debug|x64.ActiveCfg = Debug|x64
		{E0D262E3-9348-4EA5-842A-56A70D0466DB}.Debug|x64.Build.0 = Debug|x64
		{E0D262E3-9348-4EA5-842A-56A70D0466DB}.Debug|x86.ActiveCfg = Debug|Win32
		{E0D262E3-9348-4EA5-842A-56A70D0466DB}.Debug|x86.Build.0 = Debug|Win32
		{E0D262E3-9348-4EA5-842A-56A70D0466DB}.Release|x64.ActiveCfg = Release|x64
		{E0D262E3-9348-4EA5-842A-56A70D0466DB}.Release|x64.Build.0 = Release|x64
		{E0D262E3-9348-4EA5-842A-56A70D0466DB}.Release|x86.ActiveCfg = Release|Win32
		{E0D262E3-9348-4EA5-842A-56A70D0466DB}.Release|x86.Build.0 = Release|Win32
	EndGlobalSection
	GlobalSection(SolutionProperties) = preSolution
		HideSolutionNode = FALSE
	EndGlobalSection
	GlobalSection(ExtensibilityGlobals) = postSolution
		SolutionGuid = {7C575B08-16B1-4991-AB69-A020D9C7FDF0}
	EndGlobalSection
EndGlobal
